
Microsoft Visual Studio Solution File, Format Version 12.00
# Visual Studio Version 17
VisualStudioVersion = 17.8.34330.188
MinimumVisualStudioVersion = 10.0.40219.1
Project("{FAE04EC0-301F-11D3-BF4B-00C04F79EFBC}") = "Desola", "Desola\Desola\Desola.csproj", "{559CF5D0-6EC3-4443-B0A6-C09DEF259C0F}"
EndProject
Project("{FAE04EC0-301F-11D3-BF4B-00C04F79EFBC}") = "Desola.Client", "Desola\Desola.Client\Desola.Client.csproj", "{FFD2061F-F4E3-48A0-9E77-67C54240C8D4}"
EndProject
Global
	GlobalSection(SolutionConfigurationPlatforms) = preSolution
		Debug|Any CPU = Debug|Any CPU
		Release|Any CPU = Release|Any CPU
	EndGlobalSection
	GlobalSection(ProjectConfigurationPlatforms) = postSolution
		{559CF5D0-6EC3-4443-B0A6-C09DEF259C0F}.Debug|Any CPU.ActiveCfg = Debug|Any CPU
		{559CF5D0-6EC3-4443-B0A6-C09DEF259C0F}.Debug|Any CPU.Build.0 = Debug|Any CPU
		{559CF5D0-6EC3-4443-B0A6-C09DEF259C0F}.Release|Any CPU.ActiveCfg = Release|Any CPU
		{559CF5D0-6EC3-4443-B0A6-C09DEF259C0F}.Release|Any CPU.Build.0 = Release|Any CPU
		{FFD2061F-F4E3-48A0-9E77-67C54240C8D4}.Debug|Any CPU.ActiveCfg = Debug|Any CPU
		{FFD2061F-F4E3-48A0-9E77-67C54240C8D4}.Debug|Any CPU.Build.0 = Debug|Any CPU
		{FFD2061F-F4E3-48A0-9E77-67C54240C8D4}.Release|Any CPU.ActiveCfg = Release|Any CPU
		{FFD2061F-F4E3-48A0-9E77-67C54240C8D4}.Release|Any CPU.Build.0 = Release|Any CPU
	EndGlobalSection
	GlobalSection(SolutionProperties) = preSolution
		HideSolutionNode = FALSE
	EndGlobalSection
	GlobalSection(ExtensibilityGlobals) = postSolution
		SolutionGuid = {989C01BB-1A67-42E7-AE61-89265297F49B}
	EndGlobalSection
EndGlobal
